
Microsoft Visual Studio Solution File, Format Version 12.00
# Visual Studio Version 17
VisualStudioVersion = 17.9.34902.65
MinimumVisualStudioVersion = 10.0.40219.1
Project("{FAE04EC0-301F-11D3-BF4B-00C04F79EFBC}") = "CustomerManagement.API", "CustomerManagement.API\CustomerManagement.API.csproj", "{7CE98057-146A-424B-8AA6-9A7BE3292850}"
EndProject
Project("{FAE04EC0-301F-11D3-BF4B-00C04F79EFBC}") = "CustomerManagement.Model", "CustomerManagement.Model\CustomerManagement.Model.csproj", "{1439CE6F-3D55-484E-8E66-00B6F8F9B0C4}"
EndProject
Project("{FAE04EC0-301F-11D3-BF4B-00C04F79EFBC}") = "CustomerManagement.Data", "CustomerManagement.Data\CustomerManagement.Data.csproj", "{1742933B-B44A-4276-8F04-EECFFA7B6F4A}"
EndProject
Global
	GlobalSection(SolutionConfigurationPlatforms) = preSolution
		Debug|Any CPU = Debug|Any CPU
		Release|Any CPU = Release|Any CPU
	EndGlobalSection
	GlobalSection(ProjectConfigurationPlatforms) = postSolution
		{7CE98057-146A-424B-8AA6-9A7BE3292850}.Debug|Any CPU.ActiveCfg = Debug|Any CPU
		{7CE98057-146A-424B-8AA6-9A7BE3292850}.Debug|Any CPU.Build.0 = Debug|Any CPU
		{7CE98057-146A-424B-8AA6-9A7BE3292850}.Release|Any CPU.ActiveCfg = Release|Any CPU
		{7CE98057-146A-424B-8AA6-9A7BE3292850}.Release|Any CPU.Build.0 = Release|Any CPU
		{1439CE6F-3D55-484E-8E66-00B6F8F9B0C4}.Debug|Any CPU.ActiveCfg = Debug|Any CPU
		{1439CE6F-3D55-484E-8E66-00B6F8F9B0C4}.Debug|Any CPU.Build.0 = Debug|Any CPU
		{1439CE6F-3D55-484E-8E66-00B6F8F9B0C4}.Release|Any CPU.ActiveCfg = Release|Any CPU
		{1439CE6F-3D55-484E-8E66-00B6F8F9B0C4}.Release|Any CPU.Build.0 = Release|Any CPU
		{1742933B-B44A-4276-8F04-EECFFA7B6F4A}.Debug|Any CPU.ActiveCfg = Debug|Any CPU
		{1742933B-B44A-4276-8F04-EECFFA7B6F4A}.Debug|Any CPU.Build.0 = Debug|Any CPU
		{1742933B-B44A-4276-8F04-EECFFA7B6F4A}.Release|Any CPU.ActiveCfg = Release|Any CPU
		{1742933B-B44A-4276-8F04-EECFFA7B6F4A}.Release|Any CPU.Build.0 = Release|Any CPU
	EndGlobalSection
	GlobalSection(SolutionProperties) = preSolution
		HideSolutionNode = FALSE
	EndGlobalSection
	GlobalSection(ExtensibilityGlobals) = postSolution
		SolutionGuid = {E73ECF4D-C10E-44F4-89E0-BF8502534EB1}
	EndGlobalSection
EndGlobal
